Microsoft Visual Studio Solution File, Format Version 12.00
# Visual Studio Version 17
VisualStudioVersion = 17.5.2.0
MinimumVisualStudioVersion = 10.0.40219.1
Project("{FAE04EC0-301F-11D3-BF4B-00C04F79EFBC}") = "Task1_Churros_System", "Task1_Churros_System\Task1_Churros_System.csproj", "{B07EB889-AD18-8E0F-2248-AF18081A6706}"
EndProject
Project("{FAE04EC0-301F-11D3-BF4B-00C04F79EFBC}") = "Task2_Periodic_Table", "Task2_Periodic_Table\Task2_Periodic_Table.csproj", "{CB20DEE0-8A6A-3F86-F3D3-D1DFC33311F7}"
EndProject
Global
	GlobalSection(SolutionConfigurationPlatforms) = preSolution
		Debug|Any CPU = Debug|Any CPU
		Release|Any CPU = Release|Any CPU
	EndGlobalSection
	GlobalSection(ProjectConfigurationPlatforms) = postSolution
		{B07EB889-AD18-8E0F-2248-AF18081A6706}.Debug|Any CPU.ActiveCfg = Debug|Any CPU
		{B07EB889-AD18-8E0F-2248-AF18081A6706}.Debug|Any CPU.Build.0 = Debug|Any CPU
		{B07EB889-AD18-8E0F-2248-AF18081A6706}.Release|Any CPU.ActiveCfg = Release|Any CPU
		{B07EB889-AD18-8E0F-2248-AF18081A6706}.Release|Any CPU.Build.0 = Release|Any CPU
		{CB20DEE0-8A6A-3F86-F3D3-D1DFC33311F7}.Debug|Any CPU.ActiveCfg = Debug|Any CPU
		{CB20DEE0-8A6A-3F86-F3D3-D1DFC33311F7}.Debug|Any CPU.Build.0 = Debug|Any CPU
		{CB20DEE0-8A6A-3F86-F3D3-D1DFC33311F7}.Release|Any CPU.ActiveCfg = Release|Any CPU
		{CB20DEE0-8A6A-3F86-F3D3-D1DFC33311F7}.Release|Any CPU.Build.0 = Release|Any CPU
	EndGlobalSection
	GlobalSection(SolutionProperties) = preSolution
		HideSolutionNode = FALSE
	EndGlobalSection
	GlobalSection(ExtensibilityGlobals) = postSolution
		SolutionGuid = {CF2BF59C-985A-4E4D-BDE0-199385F6A43A}
	EndGlobalSection
EndGlobal
